
Microsoft Visual Studio Solution File, Format Version 12.00
# Visual Studio Version 16
VisualStudioVersion = 16.0.32428.217
MinimumVisualStudioVersion = 10.0.40219.1
Project("{FAE04EC0-301F-11D3-BF4B-00C04F79EFBC}") = "ScreenCapture", "ScreenCapture\ScreenCapture.csproj", "{DDB141F9-00C4-4BBD-9206-026F1FCBE870}"
EndProject
Global
	GlobalSection(SolutionConfigurationPlatforms) = preSolution
		Debug|Any CPU = Debug|Any CPU
		Release|Any CPU = Release|Any CPU
	EndGlobalSection
	GlobalSection(ProjectConfigurationPlatforms) = postSolution
		{DDB141F9-00C4-4BBD-9206-026F1FCBE870}.Debug|Any CPU.ActiveCfg = Debug|Any CPU
		{DDB141F9-00C4-4BBD-9206-026F1FCBE870}.Debug|Any CPU.Build.0 = Debug|Any CPU
		{DDB141F9-00C4-4BBD-9206-026F1FCBE870}.Release|Any CPU.ActiveCfg = Release|Any CPU
		{DDB141F9-00C4-4BBD-9206-026F1FCBE870}.Release|Any CPU.Build.0 = Release|Any CPU
	EndGlobalSection
	GlobalSection(SolutionProperties) = preSolution
		HideSolutionNode = FALSE
	EndGlobalSection
	GlobalSection(ExtensibilityGlobals) = postSolution
		SolutionGuid = {FDDE5988-C8F8-4AA5-80B0-14C5B74E2818}
	EndGlobalSection
EndGlobal
